
Microsoft Visual Studio Solution File, Format Version 12.00
# Visual Studio Version 17
VisualStudioVersion = 17.7.34221.43
MinimumVisualStudioVersion = 10.0.40219.1
Project("{FAE04EC0-301F-11D3-BF4B-00C04F79EFBC}") = "PhaseEndProject1", "PhaseEndProject1.csproj", "{EE774A79-B680-442E-9221-41EC00F571DB}"
EndProject
Global
	GlobalSection(SolutionConfigurationPlatforms) = preSolution
		Debug|Any CPU = Debug|Any CPU
		Release|Any CPU = Release|Any CPU
	EndGlobalSection
	GlobalSection(ProjectConfigurationPlatforms) = postSolution
		{EE774A79-B680-442E-9221-41EC00F571DB}.Debug|Any CPU.ActiveCfg = Debug|Any CPU
		{EE774A79-B680-442E-9221-41EC00F571DB}.Debug|Any CPU.Build.0 = Debug|Any CPU
		{EE774A79-B680-442E-9221-41EC00F571DB}.Release|Any CPU.ActiveCfg = Release|Any CPU
		{EE774A79-B680-442E-9221-41EC00F571DB}.Release|Any CPU.Build.0 = Release|Any CPU
	EndGlobalSection
	GlobalSection(SolutionProperties) = preSolution
		HideSolutionNode = FALSE
	EndGlobalSection
	GlobalSection(ExtensibilityGlobals) = postSolution
		SolutionGuid = {E0647279-AB8F-4D99-BC85-D0A4F083BBA9}
	EndGlobalSection
EndGlobal
